{
  "name": "webserver",
  "version": "1.0.0",
  "lockfileVersion": 2,
  "requires": true,
  "author": "CommanderSalt",
  "description": "SSG-webserver",
  "license": "MIT",
  "main": "main.js",
  "packages": {
    "": {
      "version": "1.0.0",
      "license": "MIT",
      "devDependencies": {}
    }
  },
  "devDependencies": {},
  "repository": {
    "type": "git",
    "url": "https://github.com/CommanderSalt/webserver"
  },
  "scripts": {
    "start": "node main.js",
    "test": "echo \"Error: no test specified\" && exit 1"
  }
}
